
Microsoft Visual Studio Solution File, Format Version 12.00
# Visual Studio Version 17
VisualStudioVersion = 17.0.31903.59
MinimumVisualStudioVersion = 10.0.40219.1
Project("{FAE04EC0-301F-11D3-BF4B-00C04F79EFBC}") = "VatIT.Tests", "tests\VatIT.Tests\VatIT.Tests.csproj", "{A9999999-9999-9999-9999-999999999999}"
EndProject
Project("{2150E333-8FDC-42A3-9474-1A3956D46DE8}") = "src", "src", "{827E0CD3-B72D-47B6-A68D-7590B98EB39B}"
EndProject
Project("{2150E333-8FDC-42A3-9474-1A3956D46DE8}") = "Domain", "Domain", "{8B290487-4C16-E85E-E807-F579CBE9FC4D}"
EndProject
Project("{FAE04EC0-301F-11D3-BF4B-00C04F79EFBC}") = "VatIT.Domain", "src\Domain\VatIT.Domain\VatIT.Domain.csproj", "{5680F8BE-F7A6-4894-992F-414744095BCC}"
EndProject
Project("{2150E333-8FDC-42A3-9474-1A3956D46DE8}") = "Application", "Application", "{22BAF98C-8415-17C4-B26A-D537657BC863}"
EndProject
Project("{FAE04EC0-301F-11D3-BF4B-00C04F79EFBC}") = "VatIT.Application", "src\Application\VatIT.Application\VatIT.Application.csproj", "{4B3DA0D3-9634-4651-B581-07D5020A8E0E}"
EndProject
Project("{2150E333-8FDC-42A3-9474-1A3956D46DE8}") = "Infrastructure", "Infrastructure", "{9048EB7F-3875-A59E-E36B-5BD4C6F2A282}"
EndProject
Project("{FAE04EC0-301F-11D3-BF4B-00C04F79EFBC}") = "VatIT.Infrastructure", "src\Infrastructure\VatIT.Infrastructure\VatIT.Infrastructure.csproj", "{21BF08DB-8E1E-42AF-9C8F-DC5671F6BD6A}"
EndProject
Project("{2150E333-8FDC-42A3-9474-1A3956D46DE8}") = "Presentation", "Presentation", "{6996BBF7-DB31-59BC-C7DD-9A7CCC6138C4}"
EndProject
Project("{FAE04EC0-301F-11D3-BF4B-00C04F79EFBC}") = "VatIT.Orchestrator.Api", "src\Presentation\VatIT.Orchestrator.Api\VatIT.Orchestrator.Api.csproj", "{30D3DB49-E7D1-48B2-9926-1FADA33E561D}"
EndProject
Project("{2150E333-8FDC-42A3-9474-1A3956D46DE8}") = "Workers", "Workers", "{FE5F7021-A3C9-35C7-FF50-8DA81625868E}"
EndProject
Project("{2150E333-8FDC-42A3-9474-1A3956D46DE8}") = "Validation", "Validation", "{9699356C-1F1B-62AA-8E23-EA02E30C9F0F}"
EndProject
Project("{FAE04EC0-301F-11D3-BF4B-00C04F79EFBC}") = "VatIT.Worker.Validation", "src\Workers\Validation\VatIT.Worker.Validation\VatIT.Worker.Validation.csproj", "{1B30346E-E480-4BCB-8B1D-E00345F7DFC9}"
EndProject
Project("{2150E333-8FDC-42A3-9474-1A3956D46DE8}") = "Applicability", "Applicability", "{202EAED6-09A9-5E3D-A095-5D4245C94794}"
EndProject
Project("{FAE04EC0-301F-11D3-BF4B-00C04F79EFBC}") = "VatIT.Worker.Applicability", "src\Workers\Applicability\VatIT.Worker.Applicability\VatIT.Worker.Applicability.csproj", "{4A8D965D-2E99-46FA-83DE-3E49A7DCBF85}"
EndProject
Project("{2150E333-8FDC-42A3-9474-1A3956D46DE8}") = "Exemption", "Exemption", "{0162E025-8302-A1A2-95CB-F8340325C556}"
EndProject
Project("{FAE04EC0-301F-11D3-BF4B-00C04F79EFBC}") = "VatIT.Worker.Exemption", "src\Workers\Exemption\VatIT.Worker.Exemption\VatIT.Worker.Exemption.csproj", "{B752D021-A781-43B8-AB46-3A38F12803ED}"
EndProject
Project("{2150E333-8FDC-42A3-9474-1A3956D46DE8}") = "Calculation", "Calculation", "{4CF081DA-9ACE-54BC-BB7A-9539F8D3DD0C}"
EndProject
Project("{FAE04EC0-301F-11D3-BF4B-00C04F79EFBC}") = "VatIT.Worker.Calculation", "src\Workers\Calculation\VatIT.Worker.Calculation\VatIT.Worker.Calculation.csproj", "{BB52E879-DDAF-4847-B5CA-0F969545EAE7}"
EndProject
Global
	GlobalSection(SolutionConfigurationPlatforms) = preSolution
		Debug|Any CPU = Debug|Any CPU
		Debug|x64 = Debug|x64
		Debug|x86 = Debug|x86
		Release|Any CPU = Release|Any CPU
		Release|x64 = Release|x64
		Release|x86 = Release|x86
	EndGlobalSection
	GlobalSection(ProjectConfigurationPlatforms) = postSolution
		{A9999999-9999-9999-9999-999999999999}.Debug|Any CPU.ActiveCfg = Debug|Any CPU
		{A9999999-9999-9999-9999-999999999999}.Debug|Any CPU.Build.0 = Debug|Any CPU
		{A9999999-9999-9999-9999-999999999999}.Debug|x64.ActiveCfg = Debug|Any CPU
		{A9999999-9999-9999-9999-999999999999}.Debug|x64.Build.0 = Debug|Any CPU
		{A9999999-9999-9999-9999-999999999999}.Debug|x86.ActiveCfg = Debug|Any CPU
		{A9999999-9999-9999-9999-999999999999}.Debug|x86.Build.0 = Debug|Any CPU
		{A9999999-9999-9999-9999-999999999999}.Release|Any CPU.ActiveCfg = Release|Any CPU
		{A9999999-9999-9999-9999-999999999999}.Release|Any CPU.Build.0 = Release|Any CPU
		{A9999999-9999-9999-9999-999999999999}.Release|x64.ActiveCfg = Release|Any CPU
		{A9999999-9999-9999-9999-999999999999}.Release|x64.Build.0 = Release|Any CPU
		{A9999999-9999-9999-9999-999999999999}.Release|x86.ActiveCfg = Release|Any CPU
		{A9999999-9999-9999-9999-999999999999}.Release|x86.Build.0 = Release|Any CPU
		{5680F8BE-F7A6-4894-992F-414744095BCC}.Debug|Any CPU.ActiveCfg = Debug|Any CPU
		{5680F8BE-F7A6-4894-992F-414744095BCC}.Debug|Any CPU.Build.0 = Debug|Any CPU
		{5680F8BE-F7A6-4894-992F-414744095BCC}.Debug|x64.ActiveCfg = Debug|Any CPU
		{5680F8BE-F7A6-4894-992F-414744095BCC}.Debug|x64.Build.0 = Debug|Any CPU
		{5680F8BE-F7A6-4894-992F-414744095BCC}.Debug|x86.ActiveCfg = Debug|Any CPU
		{5680F8BE-F7A6-4894-992F-414744095BCC}.Debug|x86.Build.0 = Debug|Any CPU
		{5680F8BE-F7A6-4894-992F-414744095BCC}.Release|Any CPU.ActiveCfg = Release|Any CPU
		{5680F8BE-F7A6-4894-992F-414744095BCC}.Release|Any CPU.Build.0 = Release|Any CPU
		{5680F8BE-F7A6-4894-992F-414744095BCC}.Release|x64.ActiveCfg = Release|Any CPU
		{5680F8BE-F7A6-4894-992F-414744095BCC}.Release|x64.Build.0 = Release|Any CPU
		{5680F8BE-F7A6-4894-992F-414744095BCC}.Release|x86.ActiveCfg = Release|Any CPU
		{5680F8BE-F7A6-4894-992F-414744095BCC}.Release|x86.Build.0 = Release|Any CPU
		{4B3DA0D3-9634-4651-B581-07D5020A8E0E}.Debug|Any CPU.ActiveCfg = Debug|Any CPU
		{4B3DA0D3-9634-4651-B581-07D5020A8E0E}.Debug|Any CPU.Build.0 = Debug|Any CPU
		{4B3DA0D3-9634-4651-B581-07D5020A8E0E}.Debug|x64.ActiveCfg = Debug|Any CPU
		{4B3DA0D3-9634-4651-B581-07D5020A8E0E}.Debug|x64.Build.0 = Debug|Any CPU
		{4B3DA0D3-9634-4651-B581-07D5020A8E0E}.Debug|x86.ActiveCfg = Debug|Any CPU
		{4B3DA0D3-9634-4651-B581-07D5020A8E0E}.Debug|x86.Build.0 = Debug|Any CPU
		{4B3DA0D3-9634-4651-B581-07D5020A8E0E}.Release|Any CPU.ActiveCfg = Release|Any CPU
		{4B3DA0D3-9634-4651-B581-07D5020A8E0E}.Release|Any CPU.Build.0 = Release|Any CPU
		{4B3DA0D3-9634-4651-B581-07D5020A8E0E}.Release|x64.ActiveCfg = Release|Any CPU
		{4B3DA0D3-9634-4651-B581-07D5020A8E0E}.Release|x64.Build.0 = Release|Any CPU
		{4B3DA0D3-9634-4651-B581-07D5020A8E0E}.Release|x86.ActiveCfg = Release|Any CPU
		{4B3DA0D3-9634-4651-B581-07D5020A8E0E}.Release|x86.Build.0 = Release|Any CPU
		{21BF08DB-8E1E-42AF-9C8F-DC5671F6BD6A}.Debug|Any CPU.ActiveCfg = Debug|Any CPU
		{21BF08DB-8E1E-42AF-9C8F-DC5671F6BD6A}.Debug|Any CPU.Build.0 = Debug|Any CPU
		{21BF08DB-8E1E-42AF-9C8F-DC5671F6BD6A}.Debug|x64.ActiveCfg = Debug|Any CPU
		{21BF08DB-8E1E-42AF-9C8F-DC5671F6BD6A}.Debug|x64.Build.0 = Debug|Any CPU
		{21BF08DB-8E1E-42AF-9C8F-DC5671F6BD6A}.Debug|x86.ActiveCfg = Debug|Any CPU
		{21BF08DB-8E1E-42AF-9C8F-DC5671F6BD6A}.Debug|x86.Build.0 = Debug|Any CPU
		{21BF08DB-8E1E-42AF-9C8F-DC5671F6BD6A}.Release|Any CPU.ActiveCfg = Release|Any CPU
		{21BF08DB-8E1E-42AF-9C8F-DC5671F6BD6A}.Release|Any CPU.Build.0 = Release|Any CPU
		{21BF08DB-8E1E-42AF-9C8F-DC5671F6BD6A}.Release|x64.ActiveCfg = Release|Any CPU
		{21BF08DB-8E1E-42AF-9C8F-DC5671F6BD6A}.Release|x64.Build.0 = Release|Any CPU
		{21BF08DB-8E1E-42AF-9C8F-DC5671F6BD6A}.Release|x86.ActiveCfg = Release|Any CPU
		{21BF08DB-8E1E-42AF-9C8F-DC5671F6BD6A}.Release|x86.Build.0 = Release|Any CPU
		{30D3DB49-E7D1-48B2-9926-1FADA33E561D}.Debug|Any CPU.ActiveCfg = Debug|Any CPU
		{30D3DB49-E7D1-48B2-9926-1FADA33E561D}.Debug|Any CPU.Build.0 = Debug|Any CPU
		{30D3DB49-E7D1-48B2-9926-1FADA33E561D}.Debug|x64.ActiveCfg = Debug|Any CPU
		{30D3DB49-E7D1-48B2-9926-1FADA33E561D}.Debug|x64.Build.0 = Debug|Any CPU
		{30D3DB49-E7D1-48B2-9926-1FADA33E561D}.Debug|x86.ActiveCfg = Debug|Any CPU
		{30D3DB49-E7D1-48B2-9926-1FADA33E561D}.Debug|x86.Build.0 = Debug|Any CPU
		{30D3DB49-E7D1-48B2-9926-1FADA33E561D}.Release|Any CPU.ActiveCfg = Release|Any CPU
		{30D3DB49-E7D1-48B2-9926-1FADA33E561D}.Release|Any CPU.Build.0 = Release|Any CPU
		{30D3DB49-E7D1-48B2-9926-1FADA33E561D}.Release|x64.ActiveCfg = Release|Any CPU
		{30D3DB49-E7D1-48B2-9926-1FADA33E561D}.Release|x64.Build.0 = Release|Any CPU
		{30D3DB49-E7D1-48B2-9926-1FADA33E561D}.Release|x86.ActiveCfg = Release|Any CPU
		{30D3DB49-E7D1-48B2-9926-1FADA33E561D}.Release|x86.Build.0 = Release|Any CPU
		{1B30346E-E480-4BCB-8B1D-E00345F7DFC9}.Debug|Any CPU.ActiveCfg = Debug|Any CPU
		{1B30346E-E480-4BCB-8B1D-E00345F7DFC9}.Debug|Any CPU.Build.0 = Debug|Any CPU
		{1B30346E-E480-4BCB-8B1D-E00345F7DFC9}.Debug|x64.ActiveCfg = Debug|Any CPU
		{1B30346E-E480-4BCB-8B1D-E00345F7DFC9}.Debug|x64.Build.0 = Debug|Any CPU
		{1B30346E-E480-4BCB-8B1D-E00345F7DFC9}.Debug|x86.ActiveCfg = Debug|Any CPU
		{1B30346E-E480-4BCB-8B1D-E00345F7DFC9}.Debug|x86.Build.0 = Debug|Any CPU
		{1B30346E-E480-4BCB-8B1D-E00345F7DFC9}.Release|Any CPU.ActiveCfg = Release|Any CPU
		{1B30346E-E480-4BCB-8B1D-E00345F7DFC9}.Release|Any CPU.Build.0 = Release|Any CPU
		{1B30346E-E480-4BCB-8B1D-E00345F7DFC9}.Release|x64.ActiveCfg = Release|Any CPU
		{1B30346E-E480-4BCB-8B1D-E00345F7DFC9}.Release|x64.Build.0 = Release|Any CPU
		{1B30346E-E480-4BCB-8B1D-E00345F7DFC9}.Release|x86.ActiveCfg = Release|Any CPU
		{1B30346E-E480-4BCB-8B1D-E00345F7DFC9}.Release|x86.Build.0 = Release|Any CPU
		{4A8D965D-2E99-46FA-83DE-3E49A7DCBF85}.Debug|Any CPU.ActiveCfg = Debug|Any CPU
		{4A8D965D-2E99-46FA-83DE-3E49A7DCBF85}.Debug|Any CPU.Build.0 = Debug|Any CPU
		{4A8D965D-2E99-46FA-83DE-3E49A7DCBF85}.Debug|x64.ActiveCfg = Debug|Any CPU
		{4A8D965D-2E99-46FA-83DE-3E49A7DCBF85}.Debug|x64.Build.0 = Debug|Any CPU
		{4A8D965D-2E99-46FA-83DE-3E49A7DCBF85}.Debug|x86.ActiveCfg = Debug|Any CPU
		{4A8D965D-2E99-46FA-83DE-3E49A7DCBF85}.Debug|x86.Build.0 = Debug|Any CPU
		{4A8D965D-2E99-46FA-83DE-3E49A7DCBF85}.Release|Any CPU.ActiveCfg = Release|Any CPU
		{4A8D965D-2E99-46FA-83DE-3E49A7DCBF85}.Release|Any CPU.Build.0 = Release|Any CPU
		{4A8D965D-2E99-46FA-83DE-3E49A7DCBF85}.Release|x64.ActiveCfg = Release|Any CPU
		{4A8D965D-2E99-46FA-83DE-3E49A7DCBF85}.Release|x64.Build.0 = Release|Any CPU
		{4A8D965D-2E99-46FA-83DE-3E49A7DCBF85}.Release|x86.ActiveCfg = Release|Any CPU
		{4A8D965D-2E99-46FA-83DE-3E49A7DCBF85}.Release|x86.Build.0 = Release|Any CPU
		{B752D021-A781-43B8-AB46-3A38F12803ED}.Debug|Any CPU.ActiveCfg = Debug|Any CPU
		{B752D021-A781-43B8-AB46-3A38F12803ED}.Debug|Any CPU.Build.0 = Debug|Any CPU
		{B752D021-A781-43B8-AB46-3A38F12803ED}.Debug|x64.ActiveCfg = Debug|Any CPU
		{B752D021-A781-43B8-AB46-3A38F12803ED}.Debug|x64.Build.0 = Debug|Any CPU
		{B752D021-A781-43B8-AB46-3A38F12803ED}.Debug|x86.ActiveCfg = Debug|Any CPU
		{B752D021-A781-43B8-AB46-3A38F12803ED}.Debug|x86.Build.0 = Debug|Any CPU
		{B752D021-A781-43B8-AB46-3A38F12803ED}.Release|Any CPU.ActiveCfg = Release|Any CPU
		{B752D021-A781-43B8-AB46-3A38F12803ED}.Release|Any CPU.Build.0 = Release|Any CPU
		{B752D021-A781-43B8-AB46-3A38F12803ED}.Release|x64.ActiveCfg = Release|Any CPU
		{B752D021-A781-43B8-AB46-3A38F12803ED}.Release|x64.Build.0 = Release|Any CPU
		{B752D021-A781-43B8-AB46-3A38F12803ED}.Release|x86.ActiveCfg = Release|Any CPU
		{B752D021-A781-43B8-AB46-3A38F12803ED}.Release|x86.Build.0 = Release|Any CPU
		{BB52E879-DDAF-4847-B5CA-0F969545EAE7}.Debug|Any CPU.ActiveCfg = Debug|Any CPU
		{BB52E879-DDAF-4847-B5CA-0F969545EAE7}.Debug|Any CPU.Build.0 = Debug|Any CPU
		{BB52E879-DDAF-4847-B5CA-0F969545EAE7}.Debug|x64.ActiveCfg = Debug|Any CPU
		{BB52E879-DDAF-4847-B5CA-0F969545EAE7}.Debug|x64.Build.0 = Debug|Any CPU
		{BB52E879-DDAF-4847-B5CA-0F969545EAE7}.Debug|x86.ActiveCfg = Debug|Any CPU
		{BB52E879-DDAF-4847-B5CA-0F969545EAE7}.Debug|x86.Build.0 = Debug|Any CPU
		{BB52E879-DDAF-4847-B5CA-0F969545EAE7}.Release|Any CPU.ActiveCfg = Release|Any CPU
		{BB52E879-DDAF-4847-B5CA-0F969545EAE7}.Release|Any CPU.Build.0 = Release|Any CPU
		{BB52E879-DDAF-4847-B5CA-0F969545EAE7}.Release|x64.ActiveCfg = Release|Any CPU
		{BB52E879-DDAF-4847-B5CA-0F969545EAE7}.Release|x64.Build.0 = Release|Any CPU
		{BB52E879-DDAF-4847-B5CA-0F969545EAE7}.Release|x86.ActiveCfg = Release|Any CPU
		{BB52E879-DDAF-4847-B5CA-0F969545EAE7}.Release|x86.Build.0 = Release|Any CPU
	EndGlobalSection
	GlobalSection(SolutionProperties) = preSolution
		HideSolutionNode = FALSE
	EndGlobalSection
	GlobalSection(NestedProjects) = preSolution
		{8B290487-4C16-E85E-E807-F579CBE9FC4D} = {827E0CD3-B72D-47B6-A68D-7590B98EB39B}
		{5680F8BE-F7A6-4894-992F-414744095BCC} = {8B290487-4C16-E85E-E807-F579CBE9FC4D}
		{22BAF98C-8415-17C4-B26A-D537657BC863} = {827E0CD3-B72D-47B6-A68D-7590B98EB39B}
		{4B3DA0D3-9634-4651-B581-07D5020A8E0E} = {22BAF98C-8415-17C4-B26A-D537657BC863}
		{9048EB7F-3875-A59E-E36B-5BD4C6F2A282} = {827E0CD3-B72D-47B6-A68D-7590B98EB39B}
		{21BF08DB-8E1E-42AF-9C8F-DC5671F6BD6A} = {9048EB7F-3875-A59E-E36B-5BD4C6F2A282}
		{6996BBF7-DB31-59BC-C7DD-9A7CCC6138C4} = {827E0CD3-B72D-47B6-A68D-7590B98EB39B}
		{30D3DB49-E7D1-48B2-9926-1FADA33E561D} = {6996BBF7-DB31-59BC-C7DD-9A7CCC6138C4}
		{FE5F7021-A3C9-35C7-FF50-8DA81625868E} = {827E0CD3-B72D-47B6-A68D-7590B98EB39B}
		{9699356C-1F1B-62AA-8E23-EA02E30C9F0F} = {FE5F7021-A3C9-35C7-FF50-8DA81625868E}
		{1B30346E-E480-4BCB-8B1D-E00345F7DFC9} = {9699356C-1F1B-62AA-8E23-EA02E30C9F0F}
		{202EAED6-09A9-5E3D-A095-5D4245C94794} = {FE5F7021-A3C9-35C7-FF50-8DA81625868E}
		{4A8D965D-2E99-46FA-83DE-3E49A7DCBF85} = {202EAED6-09A9-5E3D-A095-5D4245C94794}
		{0162E025-8302-A1A2-95CB-F8340325C556} = {FE5F7021-A3C9-35C7-FF50-8DA81625868E}
		{B752D021-A781-43B8-AB46-3A38F12803ED} = {0162E025-8302-A1A2-95CB-F8340325C556}
		{4CF081DA-9ACE-54BC-BB7A-9539F8D3DD0C} = {FE5F7021-A3C9-35C7-FF50-8DA81625868E}
		{BB52E879-DDAF-4847-B5CA-0F969545EAE7} = {4CF081DA-9ACE-54BC-BB7A-9539F8D3DD0C}
	EndGlobalSection
EndGlobal
